<?xml version="1.0" encoding="utf-8"?>
<Project ToolsVersion="4.0" xmlns="http://schemas.microsoft.com/developer/msbuild/2003">
  <ItemGroup>
    <Filter Include="Source Files">
      <UniqueIdentifier>{4FC737F1-C7A5-4376-A066-2A32D752A2FF}</UniqueIdentifier>
      <Extensions>cpp;c;cc;cxx;c++;cppm;ixx;def;odl;idl;hpj;bat;asm;asmx</Extensions>
    </Filter>
    <Filter Include="Header Files">
      <UniqueIdentifier>{93995380-89BD-4b04-88EB-625FBE52EBFB}</UniqueIdentifier>
      <Extensions>h;hh;hpp;hxx;h++;hm;inl;inc;ipp;xsd</Extensions>
    </Filter>
    <Filter Include="Resource Files">
      <UniqueIdentifier>{67DA6AB6-F800-4c08-8B7A-83BB121AAD01}</UniqueIdentifier>
      <Extensions>rc;ico;cur;bmp;dlg;rc2;rct;bin;rgs;gif;jpg;jpeg;jpe;resx;tiff;tif;png;wav;mfcribbon-ms;ppm</Extensions>
    </Filter>
  </ItemGroup>
  <ItemGroup>
    <ClInclude Include="src\world.h">
      <Filter>Header Files</Filter>
    </ClInclude>
    <ClInclude Include="src\camera.h">
      <Filter>Header Files</Filter>
    </ClInclude>
    <ClInclude Include="src\materials\material.h">
      <Filter>Header Files</Filter>
    </ClInclude>
    <ClInclude Include="src\materials\lambertian_material.h">
      <Filter>Header Files</Filter>
    </ClInclude>
    <ClInclude Include="src\geometry\plane.h">
      <Filter>Header Files</Filter>
    </ClInclude>
    <ClInclude Include="src\geometry\sphere.h">
      <Filter>Header Files</Filter>
    </ClInclude>
    <ClInclude Include="src\core\ray.h">
      <Filter>Header Files</Filter>
    </ClInclude>
    <ClInclude Include="src\core\color.h">
      <Filter>Header Files</Filter>
    </ClInclude>
    <ClInclude Include="src\core\vec3.h">
      <Filter>Header Files</Filter>
    </ClInclude>
    <ClInclude Include="src\materials\metal_material.h">
      <Filter>Header Files</Filter>
    </ClInclude>
    <ClInclude Include="src\core\hittable.h">
      <Filter>Header Files</Filter>
    </ClInclude>
    <ClInclude Include="src\core\utility.h">
      <Filter>Header Files</Filter>
    </ClInclude>
    <ClInclude Include="src\materials\dieletric_material.h">
      <Filter>Header Files</Filter>
    </ClInclude>
    <ClInclude Include="src\core\point3.h">
      <Filter>Header Files</Filter>
    </ClInclude>
    <ClInclude Include="src\core\direction3.h">
      <Filter>Header Files</Filter>
    </ClInclude>
    <ClInclude Include="src\core\vec3_utility.h">
      <Filter>Header Files</Filter>
    </ClInclude>
    <ClInclude Include="src\raytrace_renderer.h">
      <Filter>Header Files</Filter>
    </ClInclude>
    <ClInclude Include="src\gui\gui_utils.h">
      <Filter>Header Files</Filter>
    </ClInclude>
    <ClInclude Include="src\gui\gui_base_inspectors.h">
      <Filter>Header Files</Filter>
    </ClInclude>
    <ClInclude Include="src\gui\gui_initializer.h">
      <Filter>Header Files</Filter>
    </ClInclude>
    <ClInclude Include="src\core\gl_includer.h">
      <Filter>Header Files</Filter>
    </ClInclude>
    <ClInclude Include="src\gui\gui_image.h">
      <Filter>Header Files</Filter>
    </ClInclude>
    <ClInclude Include="src\gui\selection_overlay.h">
      <Filter>Header Files</Filter>
    </ClInclude>
    <ClInclude Include="src\core\aabb.h">
      <Filter>Header Files</Filter>
    </ClInclude>
    <ClInclude Include="src\bvh.h">
      <Filter>Header Files</Filter>
    </ClInclude>
    <ClInclude Include="src\materials\texture.h">
      <Filter>Header Files</Filter>
    </ClInclude>
    <ClInclude Include="src\materials\object_store.h">
      <Filter>Header Files</Filter>
    </ClInclude>
  </ItemGroup>
  <ItemGroup>
    <Natvis Include="NatvisFile.natvis" />
  </ItemGroup>
  <ItemGroup>
    <Image Include="rtracer_output.jpg">
      <Filter>Resource Files</Filter>
    </Image>
  </ItemGroup>
  <ItemGroup>
    <ClCompile Include="src\RTracer.cpp">
      <Filter>Source Files</Filter>
    </ClCompile>
    <ClCompile Include="src\core\vec3.cpp">
      <Filter>Source Files</Filter>
    </ClCompile>
    <ClCompile Include="external\glad\src\glad.c">
      <Filter>Source Files</Filter>
    </ClCompile>
    <ClCompile Include="external\imgui\imgui.cpp">
      <Filter>Source Files</Filter>
    </ClCompile>
    <ClCompile Include="external\imgui\imgui_draw.cpp">
      <Filter>Source Files</Filter>
    </ClCompile>
    <ClCompile Include="external\imgui\imgui_demo.cpp">
      <Filter>Source Files</Filter>
    </ClCompile>
    <ClCompile Include="external\imgui\imgui_widgets.cpp">
      <Filter>Source Files</Filter>
    </ClCompile>
    <ClCompile Include="external\imgui\backends\imgui_impl_glfw.cpp">
      <Filter>Source Files</Filter>
    </ClCompile>
    <ClCompile Include="external\imgui\backends\imgui_impl_opengl3.cpp">
      <Filter>Source Files</Filter>
    </ClCompile>
    <ClCompile Include="external\imgui\imgui_tables.cpp">
      <Filter>Source Files</Filter>
    </ClCompile>
    <ClCompile Include="src\core\hittable.cpp">
      <Filter>Source Files</Filter>
    </ClCompile>
  </ItemGroup>
</Project>